github.com/sunwardodin/dog v0.0.0-20240823142114-a1ae6e80f589 h1:Yqf1MwzJ+XO6yg3A4PdrNDEc2/Q0joQ+m48rNyPmdIc=
github.com/sunwardodin/dog v0.0.0-20240823142114-a1ae6e80f589/go.mod h1:4OkU8ILb9oYkmIGGJqq8ALinwW3Buc9bfUGZm10MfVM=
github.com/sunwardodin/puppy v0.0.0-20240823144450-94742b929b92 h1:FzqVszCbdZOMPVgfHgYC5Z9p0nlaNE9oLttKjXz4IfI=
github.com/sunwardodin/puppy v0.0.0-20240823144450-94742b929b92/go.mod h1:57MoAYnLo1lcmsQZ5Dw50usxdZqbeuY/pyRa+Ogmrao=
github.com/sunwardodin/puppy v1.2.0 h1:SZIjgD4s7H16yzX5U4cZEjpzGR0jQQKcqPoGIPUymgU=
github.com/sunwardodin/puppy v1.2.0/go.mod h1:57MoAYnLo1lcmsQZ5Dw50usxdZqbeuY/pyRa+Ogmrao=
github.com/sunwardodin/puppy v1.3.0 h1:Y3Bk1FkQ6Leod2yRA3JiNh4qnJll4AvWtPehog7FoAE=
github.com/sunwardodin/puppy v1.3.0/go.mod h1:57MoAYnLo1lcmsQZ5Dw50usxdZqbeuY/pyRa+Ogmrao=
